
Microsoft Visual Studio Solution File, Format Version 12.00
# Visual Studio Version 17
VisualStudioVersion = 17.5.002.0
MinimumVisualStudioVersion = 10.0.40219.1
Project("{9A19103F-16F7-4668-BE54-9A1E7A4F7556}") = "prove-07", "prove-07.csproj", "{6FBAD6B7-23A9-4CA9-AABA-E8AE11482504}"
EndProject
Global
	GlobalSection(SolutionConfigurationPlatforms) = preSolution
		Debug|Any CPU = Debug|Any CPU
		Release|Any CPU = Release|Any CPU
	EndGlobalSection
	GlobalSection(ProjectConfigurationPlatforms) = postSolution
		{6FBAD6B7-23A9-4CA9-AABA-E8AE11482504}.Debug|Any CPU.ActiveCfg = Debug|Any CPU
		{6FBAD6B7-23A9-4CA9-AABA-E8AE11482504}.Debug|Any CPU.Build.0 = Debug|Any CPU
		{6FBAD6B7-23A9-4CA9-AABA-E8AE11482504}.Release|Any CPU.ActiveCfg = Release|Any CPU
		{6FBAD6B7-23A9-4CA9-AABA-E8AE11482504}.Release|Any CPU.Build.0 = Release|Any CPU
	EndGlobalSection
	GlobalSection(SolutionProperties) = preSolution
		HideSolutionNode = FALSE
	EndGlobalSection
	GlobalSection(ExtensibilityGlobals) = postSolution
		SolutionGuid = {9206A587-9453-4EC9-844B-34B9404E12CE}
	EndGlobalSection
EndGlobal
